{
  "version": 4,
  "terraform_version": "1.15.9",
  "serial": 174,
  "lineage": "905dfb57-839f-0803-eda0-f69a499fea38",
  "outputs": {},
  "resources": [
    {
      "mode": "managed",
      "type": "docker_container",
      "name": "elasticsearch",
      "provider": "provider[\"registry.terraform.io/kreuzwerker/docker\"]",
      "instances": [
        {
          "schema_version": 2,
          "attributes": {
            "attach": false,
            "bridge": "",
            "capabilities": [],
            "cgroup_parent": null,
            "cgroupns_mode": null,
            "command": [
              "opensearch"
            ],
            "container_logs": null,
            "container_read_refresh_timeout_milliseconds": 15000,
            "cpu_period": null,
            "cpu_quota": null,
            "cpu_set": "",
            "cpu_shares": 0,
            "cpus": null,
            "destroy_grace_seconds": null,
            "device_read_bps": [],
            "device_read_iops": [],
            "device_requests": [],
            "device_write_bps": [],
            "device_write_iops": [],
            "devices": [],
            "dns": [],
            "dns_opts": [],
            "dns_search": [],
            "domainname": "",
            "entrypoint": [
              "./opensearch-docker-entrypoint.sh"
            ],
            "env": [
              "OPENSEARCH_JAVA_OPTS=-Xms1024m -Xmx1024m",
              "discovery.type=single-node",
              "plugins.security.disabled=true"
            ],
            "exit_code": null,
            "gpus": null,
            "group_add": [],
            "healthcheck": [
              {
                "interval": "15s",
                "retries": 10,
                "start_interval": "0s",
                "start_period": "0s",
                "test": [
                  "CMD-SHELL",
                  "curl -s http://localhost:9200/_cluster/health | grep -qE '\"status\":\"(green|yellow)\"'"
                ],
                "timeout": "10s"
              }
            ],
            "host": [],
            "hostname": "c102a3479545",
            "id": "c102a3479545fff874db842e012a745f0e70d59e37d330fad5bd12804d80b5d8",
            "image": "sha256:cbca8e35fb333af938289ac0f370abdcbde46dbe7629acc1af0cd4219da85b62",
            "init": false,
            "ipc_mode": "private",
            "labels": [],
            "log_driver": "json-file",
            "log_opts": {},
            "logs": false,
            "max_retry_count": 0,
            "memory": 0,
            "memory_reservation": 0,
            "memory_swap": 0,
            "mounts": [],
            "must_run": true,
            "name": "openmetadata-elasticsearch",
            "network_data": [
              {
                "gateway": "172.18.0.1",
                "global_ipv6_address": "",
                "global_ipv6_prefix_length": 0,
                "ip_address": "172.18.0.3",
                "ip_prefix_length": 16,
                "ipv6_gateway": "",
                "mac_address": "52:ec:f0:af:40:0e",
                "network_name": "openmetadata-net"
              }
            ],
            "network_mode": "bridge",
            "networks_advanced": [
              {
                "aliases": [],
                "driver_opts": [],
                "gw_priority": 0,
                "ipv4_address": "",
                "ipv6_address": "",
                "link_local_ips": [],
                "mac_address": "",
                "name": "openmetadata-net"
              }
            ],
            "pid_mode": null,
            "platform": "linux",
            "ports": [],
            "privileged": false,
            "publish_all_ports": false,
            "read_only": false,
            "remove_volumes": true,
            "restart": "unless-stopped",
            "rm": false,
            "runtime": "runc",
            "security_opts": [],
            "shm_size": 64,
            "start": true,
            "stdin_open": false,
            "stop_signal": "",
            "stop_timeout": 0,
            "storage_opts": {},
            "sysctls": {},
            "timeouts": null,
            "tmpfs": {},
            "tty": false,
            "ulimit": [],
            "upload": [],
            "user": "1000",
            "userns_mode": "",
            "volumes": [
              {
                "container_path": "/usr/share/opensearch/data",
                "from_container": "",
                "host_path": "",
                "read_only": false,
                "selinux_relabel": "",
                "volume_name": "om-elasticsearch-data"
              }
            ],
            "wait": false,
            "wait_timeout": 60,
            "working_dir": "/usr/share/opensearch"
          },
          "sensitive_attributes": [],
          "identity_schema_version": 0,
          "private": "eyJlMmJmYjczMC1lY2FhLTExZTYtOGY4OC0zNDM2M2JjN2M0YzAiOnsiY3JlYXRlIjoxMjAwMDAwMDAwMDAwLCJkZWxldGUiOjEyMDAwMDAwMDAwMDAsInVwZGF0ZSI6MTIwMDAwMDAwMDAwMH0sInNjaGVtYV92ZXJzaW9uIjoiMiJ9",
          "dependencies": [
            "docker_image.elasticsearch",
            "docker_network.openmetadata_net",
            "docker_volume.elasticsearch_data"
          ]
        }
      ]
    },
    {
      "mode": "managed",
      "type": "docker_container",
      "name": "ingestion",
      "provider": "provider[\"registry.terraform.io/kreuzwerker/docker\"]",
      "instances": [
        {
          "schema_version": 2,
          "attributes": {
            "attach": false,
            "bridge": "",
            "capabilities": [],
            "cgroup_parent": null,
            "cgroupns_mode": null,
            "command": [
              "/opt/airflow/ingestion_dependency.sh"
            ],
            "container_logs": null,
            "container_read_refresh_timeout_milliseconds": 15000,
            "cpu_period": null,
            "cpu_quota": null,
            "cpu_set": "",
            "cpu_shares": 0,
            "cpus": null,
            "destroy_grace_seconds": null,
            "device_read_bps": [],
            "device_read_iops": [],
            "device_requests": [],
            "device_write_bps": [],
            "device_write_iops": [],
            "devices": [],
            "dns": null,
            "dns_opts": null,
            "dns_search": null,
            "domainname": "",
            "entrypoint": [
              "/bin/bash"
            ],
            "env": [
              "AIRFLOW_DB=airflow_db",
              "AIRFLOW__API__AUTH_BACKENDS=airflow.api.auth.backend.basic_auth,airflow.api.auth.backend.session",
              "AIRFLOW__CORE__EXECUTOR=LocalExecutor",
              "AIRFLOW__OPENMETADATA_AIRFLOW_APIS__DAG_GENERATED_CONFIGS=/opt/airflow/dag_generated_configs",
              "DB_HOST=openmetadata-postgresql",
              "DB_PASSWORD=airflow_pass",
              "DB_PORT=5432",
              "DB_SCHEME=postgresql+psycopg2",
              "DB_USER=airflow_user"
            ],
            "exit_code": null,
            "gpus": null,
            "group_add": null,
            "healthcheck": null,
            "host": [],
            "hostname": "8a2cf5a79cb9",
            "id": "8a2cf5a79cb905b61e06c97bebd580a0de4df242c152d79c896243bd1f2a79f4",
            "image": "sha256:a54535b90d5e86d652f1315a011e3fc6a632b4158036995bd14fd49595270032",
            "init": false,
            "ipc_mode": "private",
            "labels": [],
            "log_driver": "json-file",
            "log_opts": null,
            "logs": false,
            "max_retry_count": 0,
            "memory": 0,
            "memory_reservation": 0,
            "memory_swap": 0,
            "mounts": [],
            "must_run": true,
            "name": "openmetadata-ingestion",
            "network_data": [
              {
                "gateway": "172.18.0.1",
                "global_ipv6_address": "",
                "global_ipv6_prefix_length": 0,
                "ip_address": "172.18.0.6",
                "ip_prefix_length": 16,
                "ipv6_gateway": "",
                "mac_address": "a2:e5:f0:dc:e8:2a",
                "network_name": "openmetadata-net"
              }
            ],
            "network_mode": "bridge",
            "networks_advanced": [
              {
                "aliases": [],
                "driver_opts": [],
                "gw_priority": null,
                "ipv4_address": "",
                "ipv6_address": "",
                "link_local_ips": [],
                "mac_address": "",
                "name": "openmetadata-net"
              }
            ],
            "pid_mode": null,
            "platform": "linux",
            "ports": [
              {
                "external": 8080,
                "internal": 8080,
                "ip": "0.0.0.0",
                "protocol": "tcp"
              }
            ],
            "privileged": false,
            "publish_all_ports": false,
            "read_only": false,
            "remove_volumes": true,
            "restart": "unless-stopped",
            "rm": false,
            "runtime": "runc",
            "security_opts": [],
            "shm_size": 64,
            "start": true,
            "stdin_open": false,
            "stop_signal": "",
            "stop_timeout": 0,
            "storage_opts": null,
            "sysctls": null,
            "timeouts": null,
            "tmpfs": null,
            "tty": false,
            "ulimit": [],
            "upload": [],
            "user": "airflow",
            "userns_mode": "",
            "volumes": [
              {
                "container_path": "/opt/airflow/dag_generated_configs",
                "from_container": "",
                "host_path": "",
                "read_only": null,
                "selinux_relabel": "",
                "volume_name": "om-ingestion-dag-airflow"
              },
              {
                "container_path": "/opt/airflow/dags",
                "from_container": "",
                "host_path": "",
                "read_only": null,
                "selinux_relabel": "",
                "volume_name": "om-ingestion-dags"
              },
              {
                "container_path": "/tmp",
                "from_container": "",
                "host_path": "",
                "read_only": null,
                "selinux_relabel": "",
                "volume_name": "om-ingestion-tmp"
              }
            ],
            "wait": false,
            "wait_timeout": 60,
            "working_dir": "/opt/airflow"
          },
          "sensitive_attributes": [],
          "identity_schema_version": 0,
          "private": "eyJlMmJmYjczMC1lY2FhLTExZTYtOGY4OC0zNDM2M2JjN2M0YzAiOnsiY3JlYXRlIjoxMjAwMDAwMDAwMDAwLCJkZWxldGUiOjEyMDAwMDAwMDAwMDAsInVwZGF0ZSI6MTIwMDAwMDAwMDAwMH0sInNjaGVtYV92ZXJzaW9uIjoiMiJ9",
          "dependencies": [
            "docker_container.elasticsearch",
            "docker_container.openmetadata_migrate",
            "docker_container.openmetadata_server",
            "docker_container.postgres",
            "docker_image.elasticsearch",
            "docker_image.ingestion",
            "docker_image.openmetadata_server",
            "docker_image.postgres",
            "docker_network.openmetadata_net",
            "docker_volume.elasticsearch_data",
            "docker_volume.ingestion_dag_airflow",
            "docker_volume.ingestion_dags",
            "docker_volume.ingestion_tmp",
            "docker_volume.postgres_data",
            "null_resource.wait_for_migration"
          ]
        }
      ]
    },
    {
      "mode": "managed",
      "type": "docker_container",
      "name": "kibana",
      "provider": "provider[\"registry.terraform.io/kreuzwerker/docker\"]",
      "instances": [
        {
          "schema_version": 2,
          "attributes": {
            "attach": false,
            "bridge": "",
            "capabilities": [],
            "cgroup_parent": null,
            "cgroupns_mode": null,
            "command": [
              "opensearch-dashboards"
            ],
            "container_logs": null,
            "container_read_refresh_timeout_milliseconds": 15000,
            "cpu_period": null,
            "cpu_quota": null,
            "cpu_set": "",
            "cpu_shares": 0,
            "cpus": null,
            "destroy_grace_seconds": null,
            "device_read_bps": [],
            "device_read_iops": [],
            "device_requests": [],
            "device_write_bps": [],
            "device_write_iops": [],
            "devices": [],
            "dns": [],
            "dns_opts": [],
            "dns_search": [],
            "domainname": "",
            "entrypoint": [
              "./opensearch-dashboards-docker-entrypoint.sh"
            ],
            "env": [
              "DISABLE_SECURITY_DASHBOARDS_PLUGIN=true",
              "OPENSEARCH_HOSTS=[\"http://openmetadata-elasticsearch:9200\"]"
            ],
            "exit_code": null,
            "gpus": null,
            "group_add": [],
            "healthcheck": [],
            "host": [],
            "hostname": "909fdad0a824",
            "id": "909fdad0a824a562c3d9ee1eacdb73e4bc8aec05bd2654537e624b79ac7a24c2",
            "image": "sha256:223eaaca192bcfe3101ddf49682d1dfb1a4cefbafdae18b54b7562170d29e8d1",
            "init": false,
            "ipc_mode": "private",
            "labels": [],
            "log_driver": "json-file",
            "log_opts": {},
            "logs": false,
            "max_retry_count": 0,
            "memory": 0,
            "memory_reservation": 0,
            "memory_swap": 0,
            "mounts": [],
            "must_run": true,
            "name": "openmetadata-kibana",
            "network_data": [
              {
                "gateway": "172.18.0.1",
                "global_ipv6_address": "",
                "global_ipv6_prefix_length": 0,
                "ip_address": "172.18.0.4",
                "ip_prefix_length": 16,
                "ipv6_gateway": "",
                "mac_address": "0a:7a:db:d9:4c:47",
                "network_name": "openmetadata-net"
              }
            ],
            "network_mode": "bridge",
            "networks_advanced": [
              {
                "aliases": [],
                "driver_opts": [],
                "gw_priority": 0,
                "ipv4_address": "",
                "ipv6_address": "",
                "link_local_ips": [],
                "mac_address": "",
                "name": "openmetadata-net"
              }
            ],
            "pid_mode": null,
            "platform": "linux",
            "ports": [
              {
                "external": 5601,
                "internal": 5601,
                "ip": "0.0.0.0",
                "protocol": "tcp"
              }
            ],
            "privileged": false,
            "publish_all_ports": false,
            "read_only": false,
            "remove_volumes": true,
            "restart": "unless-stopped",
            "rm": false,
            "runtime": "runc",
            "security_opts": [],
            "shm_size": 64,
            "start": true,
            "stdin_open": false,
            "stop_signal": "",
            "stop_timeout": 0,
            "storage_opts": {},
            "sysctls": {},
            "timeouts": null,
            "tmpfs": {},
            "tty": false,
            "ulimit": [],
            "upload": [],
            "user": "1000",
            "userns_mode": "",
            "volumes": [],
            "wait": false,
            "wait_timeout": 60,
            "working_dir": "/usr/share/opensearch-dashboards"
          },
          "sensitive_attributes": [],
          "identity_schema_version": 0,
          "private": "eyJlMmJmYjczMC1lY2FhLTExZTYtOGY4OC0zNDM2M2JjN2M0YzAiOnsiY3JlYXRlIjoxMjAwMDAwMDAwMDAwLCJkZWxldGUiOjEyMDAwMDAwMDAwMDAsInVwZGF0ZSI6MTIwMDAwMDAwMDAwMH0sInNjaGVtYV92ZXJzaW9uIjoiMiJ9",
          "dependencies": [
            "docker_container.elasticsearch",
            "docker_image.elasticsearch",
            "docker_image.kibana",
            "docker_network.openmetadata_net",
            "docker_volume.elasticsearch_data"
          ]
        }
      ]
    },
    {
      "mode": "managed",
      "type": "docker_container",
      "name": "openmetadata_migrate",
      "provider": "provider[\"registry.terraform.io/kreuzwerker/docker\"]",
      "instances": [
        {
          "schema_version": 2,
          "attributes": {
            "attach": false,
            "bridge": "",
            "capabilities": [],
            "cgroup_parent": null,
            "cgroupns_mode": null,
            "command": [
              "-c",
              "/opt/openmetadata/bootstrap/openmetadata-ops.sh migrate"
            ],
            "container_logs": null,
            "container_read_refresh_timeout_milliseconds": 15000,
            "cpu_period": null,
            "cpu_quota": null,
            "cpu_set": "",
            "cpu_shares": 0,
            "cpus": null,
            "destroy_grace_seconds": null,
            "device_read_bps": [],
            "device_read_iops": [],
            "device_requests": [],
            "device_write_bps": [],
            "device_write_iops": [],
            "devices": [],
            "dns": [],
            "dns_opts": [],
            "dns_search": [],
            "domainname": "",
            "entrypoint": [
              "/bin/bash"
            ],
            "env": [
              "DB_DRIVER_CLASS=org.postgresql.Driver",
              "DB_HOST=openmetadata-postgresql",
              "DB_PARAMS=allowPublicKeyRetrieval=true\u0026useSSL=false\u0026serverTimezone=UTC",
              "DB_PORT=5432",
              "DB_SCHEME=postgresql",
              "DB_USER=openmetadata_user",
              "DB_USER_PASSWORD=openmetadata_password",
              "ELASTICSEARCH_HOST=openmetadata-elasticsearch",
              "ELASTICSEARCH_PORT=9200",
              "ELASTICSEARCH_SCHEME=http",
              "OM_DATABASE=openmetadata_db",
              "SEARCH_TYPE=opensearch"
            ],
            "exit_code": 0,
            "gpus": null,
            "group_add": [],
            "healthcheck": [],
            "host": [],
            "hostname": "c59f572bde6c",
            "id": "c59f572bde6c77cdffac073e3d7b9f750457376aac99a6a9e40004806fc0b09d",
            "image": "sha256:ed0f7f15ece856bde0cc477f08eadbc1b5b2641b09c0d50cceed20ff5a994c07",
            "init": false,
            "ipc_mode": "private",
            "labels": [],
            "log_driver": "json-file",
            "log_opts": {},
            "logs": false,
            "max_retry_count": 0,
            "memory": 0,
            "memory_reservation": 0,
            "memory_swap": 0,
            "mounts": [],
            "must_run": false,
            "name": "openmetadata-migrate",
            "network_data": [
              {
                "gateway": "",
                "global_ipv6_address": "",
                "global_ipv6_prefix_length": 0,
                "ip_address": "",
                "ip_prefix_length": 0,
                "ipv6_gateway": "",
                "mac_address": "",
                "network_name": "openmetadata-net"
              }
            ],
            "network_mode": "bridge",
            "networks_advanced": [
              {
                "aliases": [],
                "driver_opts": [],
                "gw_priority": 0,
                "ipv4_address": "",
                "ipv6_address": "",
                "link_local_ips": [],
                "mac_address": "",
                "name": "openmetadata-net"
              }
            ],
            "pid_mode": null,
            "platform": "linux",
            "ports": [],
            "privileged": false,
            "publish_all_ports": false,
            "read_only": false,
            "remove_volumes": true,
            "restart": "no",
            "rm": false,
            "runtime": "runc",
            "security_opts": [],
            "shm_size": 64,
            "start": true,
            "stdin_open": false,
            "stop_signal": "",
            "stop_timeout": 0,
            "storage_opts": {},
            "sysctls": {},
            "timeouts": null,
            "tmpfs": {},
            "tty": false,
            "ulimit": [],
            "upload": [],
            "user": "openmetadata",
            "userns_mode": "",
            "volumes": [],
            "wait": false,
            "wait_timeout": 60,
            "working_dir": "/opt/openmetadata"
          },
          "sensitive_attributes": [],
          "identity_schema_version": 0,
          "private": "eyJlMmJmYjczMC1lY2FhLTExZTYtOGY4OC0zNDM2M2JjN2M0YzAiOnsiY3JlYXRlIjoxMjAwMDAwMDAwMDAwLCJkZWxldGUiOjEyMDAwMDAwMDAwMDAsInVwZGF0ZSI6MTIwMDAwMDAwMDAwMH0sInNjaGVtYV92ZXJzaW9uIjoiMiJ9",
          "dependencies": [
            "docker_container.elasticsearch",
            "docker_container.postgres",
            "docker_image.elasticsearch",
            "docker_image.openmetadata_server",
            "docker_image.postgres",
            "docker_network.openmetadata_net",
            "docker_volume.elasticsearch_data",
            "docker_volume.postgres_data"
          ]
        }
      ]
    },
    {
      "mode": "managed",
      "type": "docker_container",
      "name": "openmetadata_server",
      "provider": "provider[\"registry.terraform.io/kreuzwerker/docker\"]",
      "instances": [
        {
          "schema_version": 2,
          "attributes": {
            "attach": false,
            "bridge": "",
            "capabilities": [],
            "cgroup_parent": null,
            "cgroupns_mode": null,
            "command": [
              "/openmetadata-start.sh"
            ],
            "container_logs": null,
            "container_read_refresh_timeout_milliseconds": 15000,
            "cpu_period": null,
            "cpu_quota": null,
            "cpu_set": "",
            "cpu_shares": 0,
            "cpus": null,
            "destroy_grace_seconds": null,
            "device_read_bps": [],
            "device_read_iops": [],
            "device_requests": [],
            "device_write_bps": [],
            "device_write_iops": [],
            "devices": [],
            "dns": [],
            "dns_opts": [],
            "dns_search": [],
            "domainname": "",
            "entrypoint": [
              "/bin/bash"
            ],
            "env": [
              "AIRFLOW_PASSWORD=admin",
              "AIRFLOW_USERNAME=admin",
              "DB_DRIVER_CLASS=org.postgresql.Driver",
              "DB_HOST=openmetadata-postgresql",
              "DB_PARAMS=allowPublicKeyRetrieval=true\u0026useSSL=false\u0026serverTimezone=UTC",
              "DB_PORT=5432",
              "DB_SCHEME=postgresql",
              "DB_USER=openmetadata_user",
              "DB_USER_PASSWORD=openmetadata_password",
              "ELASTICSEARCH_HOST=openmetadata-elasticsearch",
              "ELASTICSEARCH_PORT=9200",
              "ELASTICSEARCH_SCHEME=http",
              "OM_DATABASE=openmetadata_db",
              "PIPELINE_SERVICE_CLIENT_ENDPOINT=http://openmetadata-ingestion:8080",
              "SEARCH_TYPE=opensearch"
            ],
            "exit_code": null,
            "gpus": null,
            "group_add": [],
            "healthcheck": [
              {
                "interval": "20s",
                "retries": 15,
                "start_interval": "0s",
                "start_period": "60s",
                "test": [
                  "CMD-SHELL",
                  "curl -sf http://localhost:8585/healthcheck || exit 1"
                ],
                "timeout": "10s"
              }
            ],
            "host": [],
            "hostname": "b72e45d4bd05",
            "id": "b72e45d4bd05b821b3ef418ae0ae187e412e477cad88e3618c73355712cbe1a0",
            "image": "sha256:ed0f7f15ece856bde0cc477f08eadbc1b5b2641b09c0d50cceed20ff5a994c07",
            "init": false,
            "ipc_mode": "private",
            "labels": [],
            "log_driver": "json-file",
            "log_opts": {},
            "logs": false,
            "max_retry_count": 0,
            "memory": 0,
            "memory_reservation": 0,
            "memory_swap": 0,
            "mounts": [],
            "must_run": true,
            "name": "openmetadata-server",
            "network_data": [
              {
                "gateway": "172.18.0.1",
                "global_ipv6_address": "",
                "global_ipv6_prefix_length": 0,
                "ip_address": "172.18.0.5",
                "ip_prefix_length": 16,
                "ipv6_gateway": "",
                "mac_address": "c2:11:30:65:39:be",
                "network_name": "openmetadata-net"
              }
            ],
            "network_mode": "bridge",
            "networks_advanced": [
              {
                "aliases": [],
                "driver_opts": [],
                "gw_priority": 0,
                "ipv4_address": "",
                "ipv6_address": "",
                "link_local_ips": [],
                "mac_address": "",
                "name": "openmetadata-net"
              }
            ],
            "pid_mode": null,
            "platform": "linux",
            "ports": [
              {
                "external": 8585,
                "internal": 8585,
                "ip": "0.0.0.0",
                "protocol": "tcp"
              }
            ],
            "privileged": false,
            "publish_all_ports": false,
            "read_only": false,
            "remove_volumes": true,
            "restart": "unless-stopped",
            "rm": false,
            "runtime": "runc",
            "security_opts": [],
            "shm_size": 64,
            "start": true,
            "stdin_open": false,
            "stop_signal": "",
            "stop_timeout": 0,
            "storage_opts": {},
            "sysctls": {},
            "timeouts": null,
            "tmpfs": {},
            "tty": false,
            "ulimit": [],
            "upload": [],
            "user": "openmetadata",
            "userns_mode": "",
            "volumes": [],
            "wait": false,
            "wait_timeout": 60,
            "working_dir": "/opt/openmetadata"
          },
          "sensitive_attributes": [],
          "identity_schema_version": 0,
          "private": "eyJlMmJmYjczMC1lY2FhLTExZTYtOGY4OC0zNDM2M2JjN2M0YzAiOnsiY3JlYXRlIjoxMjAwMDAwMDAwMDAwLCJkZWxldGUiOjEyMDAwMDAwMDAwMDAsInVwZGF0ZSI6MTIwMDAwMDAwMDAwMH0sInNjaGVtYV92ZXJzaW9uIjoiMiJ9",
          "dependencies": [
            "docker_container.elasticsearch",
            "docker_container.openmetadata_migrate",
            "docker_container.postgres",
            "docker_image.elasticsearch",
            "docker_image.openmetadata_server",
            "docker_image.postgres",
            "docker_network.openmetadata_net",
            "docker_volume.elasticsearch_data",
            "docker_volume.postgres_data",
            "null_resource.wait_for_migration"
          ]
        }
      ]
    },
    {
      "mode": "managed",
      "type": "docker_container",
      "name": "postgres",
      "provider": "provider[\"registry.terraform.io/kreuzwerker/docker\"]",
      "instances": [
        {
          "schema_version": 2,
          "attributes": {
            "attach": false,
            "bridge": "",
            "capabilities": [],
            "cgroup_parent": null,
            "cgroupns_mode": null,
            "command": [
              "postgres"
            ],
            "container_logs": null,
            "container_read_refresh_timeout_milliseconds": 15000,
            "cpu_period": null,
            "cpu_quota": null,
            "cpu_set": "",
            "cpu_shares": 0,
            "cpus": null,
            "destroy_grace_seconds": null,
            "device_read_bps": [],
            "device_read_iops": [],
            "device_requests": [],
            "device_write_bps": [],
            "device_write_iops": [],
            "devices": [],
            "dns": [],
            "dns_opts": [],
            "dns_search": [],
            "domainname": "",
            "entrypoint": [
              "docker-entrypoint.sh"
            ],
            "env": [
              "POSTGRES_PASSWORD=Aylv2-0novkqwH-8IMgFYZIJe9PybNU6IWagOvoiG2U=",
              "POSTGRES_USER=postgres"
            ],
            "exit_code": null,
            "gpus": null,
            "group_add": [],
            "healthcheck": [
              {
                "interval": "15s",
                "retries": 10,
                "start_interval": "0s",
                "start_period": "0s",
                "test": [
                  "CMD-SHELL",
                  "psql -U postgres -tAc 'select 1' -d openmetadata_db"
                ],
                "timeout": "10s"
              }
            ],
            "host": [],
            "hostname": "b9010ca48c17",
            "id": "b9010ca48c173489a90a3b6d7dc9d444731976450cb8c29466fb7dc1dda359ea",
            "image": "sha256:01d2b3e87618a5d6fdf79ac110dd2b5262ad5ccc60b5a773aa09ddb576c0535c",
            "init": false,
            "ipc_mode": "private",
            "labels": [],
            "log_driver": "json-file",
            "log_opts": {},
            "logs": false,
            "max_retry_count": 0,
            "memory": 0,
            "memory_reservation": 0,
            "memory_swap": 0,
            "mounts": [],
            "must_run": true,
            "name": "openmetadata-postgresql",
            "network_data": [
              {
                "gateway": "172.18.0.1",
                "global_ipv6_address": "",
                "global_ipv6_prefix_length": 0,
                "ip_address": "172.18.0.2",
                "ip_prefix_length": 16,
                "ipv6_gateway": "",
                "mac_address": "4e:18:ed:ea:d6:4a",
                "network_name": "openmetadata-net"
              }
            ],
            "network_mode": "bridge",
            "networks_advanced": [
              {
                "aliases": [],
                "driver_opts": [],
                "gw_priority": 0,
                "ipv4_address": "",
                "ipv6_address": "",
                "link_local_ips": [],
                "mac_address": "",
                "name": "openmetadata-net"
              }
            ],
            "pid_mode": null,
            "platform": "linux",
            "ports": [],
            "privileged": false,
            "publish_all_ports": false,
            "read_only": false,
            "remove_volumes": true,
            "restart": "unless-stopped",
            "rm": false,
            "runtime": "runc",
            "security_opts": [],
            "shm_size": 64,
            "start": true,
            "stdin_open": false,
            "stop_signal": "SIGINT",
            "stop_timeout": 0,
            "storage_opts": {},
            "sysctls": {},
            "timeouts": null,
            "tmpfs": {},
            "tty": false,
            "ulimit": [],
            "upload": [],
            "user": "",
            "userns_mode": "",
            "volumes": [
              {
                "container_path": "/var/lib/postgresql/data",
                "from_container": "",
                "host_path": "",
                "read_only": false,
                "selinux_relabel": "",
                "volume_name": "om-postgres-data"
              }
            ],
            "wait": false,
            "wait_timeout": 60,
            "working_dir": "/docker-entrypoint-initdb.d"
          },
          "sensitive_attributes": [
            [
              {
                "type": "get_attr",
                "value": "env"
              }
            ]
          ],
          "identity_schema_version": 0,
          "private": "eyJlMmJmYjczMC1lY2FhLTExZTYtOGY4OC0zNDM2M2JjN2M0YzAiOnsiY3JlYXRlIjoxMjAwMDAwMDAwMDAwLCJkZWxldGUiOjEyMDAwMDAwMDAwMDAsInVwZGF0ZSI6MTIwMDAwMDAwMDAwMH0sInNjaGVtYV92ZXJzaW9uIjoiMiJ9",
          "dependencies": [
            "docker_image.postgres",
            "docker_network.openmetadata_net",
            "docker_volume.postgres_data"
          ]
        }
      ]
    },
    {
      "mode": "managed",
      "type": "docker_image",
      "name": "elasticsearch",
      "provider": "provider[\"registry.terraform.io/kreuzwerker/docker\"]",
      "instances": [
        {
          "schema_version": 0,
          "attributes": {
            "build": [],
            "force_remove": null,
            "id": "sha256:cbca8e35fb333af938289ac0f370abdcbde46dbe7629acc1af0cd4219da85b62opensearchproject/opensearch:2.11.1",
            "image_id": "sha256:cbca8e35fb333af938289ac0f370abdcbde46dbe7629acc1af0cd4219da85b62",
            "keep_locally": true,
            "name": "opensearchproject/opensearch:2.11.1",
            "platform": null,
            "pull_triggers": null,
            "repo_digest": "opensearchproject/opensearch@sha256:cbca8e35fb333af938289ac0f370abdcbde46dbe7629acc1af0cd4219da85b62",
            "timeouts": null,
            "triggers": null
          },
          "sensitive_attributes": [],
          "identity_schema_version": 0,
          "private": "eyJlMmJmYjczMC1lY2FhLTExZTYtOGY4OC0zNDM2M2JjN2M0YzAiOnsiY3JlYXRlIjoxMjAwMDAwMDAwMDAwLCJkZWxldGUiOjEyMDAwMDAwMDAwMDAsInVwZGF0ZSI6MTIwMDAwMDAwMDAwMH19"
        }
      ]
    },
    {
      "mode": "managed",
      "type": "docker_image",
      "name": "ingestion",
      "provider": "provider[\"registry.terraform.io/kreuzwerker/docker\"]",
      "instances": [
        {
          "schema_version": 0,
          "attributes": {
            "build": [],
            "force_remove": null,
            "id": "sha256:a54535b90d5e86d652f1315a011e3fc6a632b4158036995bd14fd49595270032openmetadata/ingestion:1.12.4",
            "image_id": "sha256:a54535b90d5e86d652f1315a011e3fc6a632b4158036995bd14fd49595270032",
            "keep_locally": true,
            "name": "openmetadata/ingestion:1.12.4",
            "platform": null,
            "pull_triggers": null,
            "repo_digest": "openmetadata/ingestion@sha256:a54535b90d5e86d652f1315a011e3fc6a632b4158036995bd14fd49595270032",
            "timeouts": null,
            "triggers": null
          },
          "sensitive_attributes": [],
          "identity_schema_version": 0,
          "private": "eyJlMmJmYjczMC1lY2FhLTExZTYtOGY4OC0zNDM2M2JjN2M0YzAiOnsiY3JlYXRlIjoxMjAwMDAwMDAwMDAwLCJkZWxldGUiOjEyMDAwMDAwMDAwMDAsInVwZGF0ZSI6MTIwMDAwMDAwMDAwMH19"
        }
      ]
    },
    {
      "mode": "managed",
      "type": "docker_image",
      "name": "kibana",
      "provider": "provider[\"registry.terraform.io/kreuzwerker/docker\"]",
      "instances": [
        {
          "schema_version": 0,
          "attributes": {
            "build": [],
            "force_remove": null,
            "id": "sha256:223eaaca192bcfe3101ddf49682d1dfb1a4cefbafdae18b54b7562170d29e8d1opensearchproject/opensearch-dashboards:2.11.1",
            "image_id": "sha256:223eaaca192bcfe3101ddf49682d1dfb1a4cefbafdae18b54b7562170d29e8d1",
            "keep_locally": true,
            "name": "opensearchproject/opensearch-dashboards:2.11.1",
            "platform": null,
            "pull_triggers": null,
            "repo_digest": "opensearchproject/opensearch-dashboards@sha256:223eaaca192bcfe3101ddf49682d1dfb1a4cefbafdae18b54b7562170d29e8d1",
            "timeouts": null,
            "triggers": null
          },
          "sensitive_attributes": [],
          "identity_schema_version": 0,
          "private": "eyJlMmJmYjczMC1lY2FhLTExZTYtOGY4OC0zNDM2M2JjN2M0YzAiOnsiY3JlYXRlIjoxMjAwMDAwMDAwMDAwLCJkZWxldGUiOjEyMDAwMDAwMDAwMDAsInVwZGF0ZSI6MTIwMDAwMDAwMDAwMH19"
        }
      ]
    },
    {
      "mode": "managed",
      "type": "docker_image",
      "name": "openmetadata_server",
      "provider": "provider[\"registry.terraform.io/kreuzwerker/docker\"]",
      "instances": [
        {
          "schema_version": 0,
          "attributes": {
            "build": [],
            "force_remove": null,
            "id": "sha256:ed0f7f15ece856bde0cc477f08eadbc1b5b2641b09c0d50cceed20ff5a994c07openmetadata/server:1.12.4",
            "image_id": "sha256:ed0f7f15ece856bde0cc477f08eadbc1b5b2641b09c0d50cceed20ff5a994c07",
            "keep_locally": true,
            "name": "openmetadata/server:1.12.4",
            "platform": null,
            "pull_triggers": null,
            "repo_digest": "openmetadata/server@sha256:ed0f7f15ece856bde0cc477f08eadbc1b5b2641b09c0d50cceed20ff5a994c07",
            "timeouts": null,
            "triggers": null
          },
          "sensitive_attributes": [],
          "identity_schema_version": 0,
          "private": "eyJlMmJmYjczMC1lY2FhLTExZTYtOGY4OC0zNDM2M2JjN2M0YzAiOnsiY3JlYXRlIjoxMjAwMDAwMDAwMDAwLCJkZWxldGUiOjEyMDAwMDAwMDAwMDAsInVwZGF0ZSI6MTIwMDAwMDAwMDAwMH19"
        }
      ]
    },
    {
      "mode": "managed",
      "type": "docker_image",
      "name": "postgres",
      "provider": "provider[\"registry.terraform.io/kreuzwerker/docker\"]",
      "instances": [
        {
          "schema_version": 0,
          "attributes": {
            "build": [],
            "force_remove": null,
            "id": "sha256:01d2b3e87618a5d6fdf79ac110dd2b5262ad5ccc60b5a773aa09ddb576c0535copenmetadata/postgresql:1.12.4",
            "image_id": "sha256:01d2b3e87618a5d6fdf79ac110dd2b5262ad5ccc60b5a773aa09ddb576c0535c",
            "keep_locally": true,
            "name": "openmetadata/postgresql:1.12.4",
            "platform": null,
            "pull_triggers": null,
            "repo_digest": "openmetadata/postgresql@sha256:01d2b3e87618a5d6fdf79ac110dd2b5262ad5ccc60b5a773aa09ddb576c0535c",
            "timeouts": null,
            "triggers": null
          },
          "sensitive_attributes": [],
          "identity_schema_version": 0,
          "private": "eyJlMmJmYjczMC1lY2FhLTExZTYtOGY4OC0zNDM2M2JjN2M0YzAiOnsiY3JlYXRlIjoxMjAwMDAwMDAwMDAwLCJkZWxldGUiOjEyMDAwMDAwMDAwMDAsInVwZGF0ZSI6MTIwMDAwMDAwMDAwMH19"
        }
      ]
    },
    {
      "mode": "managed",
      "type": "docker_network",
      "name": "openmetadata_net",
      "provider": "provider[\"registry.terraform.io/kreuzwerker/docker\"]",
      "instances": [
        {
          "schema_version": 1,
          "attributes": {
            "attachable": false,
            "driver": "bridge",
            "id": "62dc7e6af25c3c80d3315bbcce874edc999fc27182510fbd3288f1d1a776e82f",
            "ingress": false,
            "internal": false,
            "ipam_config": [
              {
                "aux_address": {},
                "gateway": "172.18.0.1",
                "ip_range": "",
                "subnet": "172.18.0.0/16"
              }
            ],
            "ipam_driver": "default",
            "ipam_options": {},
            "ipv6": false,
            "labels": [],
            "name": "openmetadata-net",
            "options": {
              "com.docker.network.enable_ipv4": "true",
              "com.docker.network.enable_ipv6": "false"
            },
            "scope": "local"
          },
          "sensitive_attributes": [],
          "identity_schema_version": 0,
          "private": "eyJzY2hlbWFfdmVyc2lvbiI6IjEifQ=="
        }
      ]
    },
    {
      "mode": "managed",
      "type": "docker_volume",
      "name": "elasticsearch_data",
      "provider": "provider[\"registry.terraform.io/kreuzwerker/docker\"]",
      "instances": [
        {
          "schema_version": 1,
          "attributes": {
            "cluster": [],
            "driver": "local",
            "driver_opts": {},
            "id": "om-elasticsearch-data",
            "labels": [],
            "mountpoint": "/var/lib/docker/volumes/om-elasticsearch-data/_data",
            "name": "om-elasticsearch-data"
          },
          "sensitive_attributes": [],
          "identity_schema_version": 0,
          "private": "eyJzY2hlbWFfdmVyc2lvbiI6IjEifQ=="
        }
      ]
    },
    {
      "mode": "managed",
      "type": "docker_volume",
      "name": "ingestion_dag_airflow",
      "provider": "provider[\"registry.terraform.io/kreuzwerker/docker\"]",
      "instances": [
        {
          "schema_version": 1,
          "attributes": {
            "cluster": [],
            "driver": "local",
            "driver_opts": {},
            "id": "om-ingestion-dag-airflow",
            "labels": [],
            "mountpoint": "/var/lib/docker/volumes/om-ingestion-dag-airflow/_data",
            "name": "om-ingestion-dag-airflow"
          },
          "sensitive_attributes": [],
          "identity_schema_version": 0,
          "private": "eyJzY2hlbWFfdmVyc2lvbiI6IjEifQ=="
        }
      ]
    },
    {
      "mode": "managed",
      "type": "docker_volume",
      "name": "ingestion_dags",
      "provider": "provider[\"registry.terraform.io/kreuzwerker/docker\"]",
      "instances": [
        {
          "schema_version": 1,
          "attributes": {
            "cluster": [],
            "driver": "local",
            "driver_opts": {},
            "id": "om-ingestion-dags",
            "labels": [],
            "mountpoint": "/var/lib/docker/volumes/om-ingestion-dags/_data",
            "name": "om-ingestion-dags"
          },
          "sensitive_attributes": [],
          "identity_schema_version": 0,
          "private": "eyJzY2hlbWFfdmVyc2lvbiI6IjEifQ=="
        }
      ]
    },
    {
      "mode": "managed",
      "type": "docker_volume",
      "name": "ingestion_tmp",
      "provider": "provider[\"registry.terraform.io/kreuzwerker/docker\"]",
      "instances": [
        {
          "schema_version": 1,
          "attributes": {
            "cluster": [],
            "driver": "local",
            "driver_opts": {},
            "id": "om-ingestion-tmp",
            "labels": [],
            "mountpoint": "/var/lib/docker/volumes/om-ingestion-tmp/_data",
            "name": "om-ingestion-tmp"
          },
          "sensitive_attributes": [],
          "identity_schema_version": 0,
          "private": "eyJzY2hlbWFfdmVyc2lvbiI6IjEifQ=="
        }
      ]
    },
    {
      "mode": "managed",
      "type": "docker_volume",
      "name": "postgres_data",
      "provider": "provider[\"registry.terraform.io/kreuzwerker/docker\"]",
      "instances": [
        {
          "schema_version": 1,
          "attributes": {
            "cluster": [],
            "driver": "local",
            "driver_opts": {},
            "id": "om-postgres-data",
            "labels": [],
            "mountpoint": "/var/lib/docker/volumes/om-postgres-data/_data",
            "name": "om-postgres-data"
          },
          "sensitive_attributes": [],
          "identity_schema_version": 0,
          "private": "eyJzY2hlbWFfdmVyc2lvbiI6IjEifQ=="
        }
      ]
    },
    {
      "mode": "managed",
      "type": "null_resource",
      "name": "wait_for_migration",
      "provider": "provider[\"registry.terraform.io/hashicorp/null\"]",
      "instances": [
        {
          "schema_version": 0,
          "attributes": {
            "id": "503711121977794581",
            "triggers": null
          },
          "sensitive_attributes": [],
          "identity_schema_version": 0,
          "dependencies": [
            "docker_container.elasticsearch",
            "docker_container.openmetadata_migrate",
            "docker_container.postgres",
            "docker_image.elasticsearch",
            "docker_image.openmetadata_server",
            "docker_image.postgres",
            "docker_network.openmetadata_net",
            "docker_volume.elasticsearch_data",
            "docker_volume.postgres_data"
          ]
        }
      ]
    }
  ],
  "check_results": null
}
